// !$*UTF8*$!
{archiveVersion = 1; classes = {}; objectVersion = 56; objects = {
710000000000000000000001 = {isa = PBXFileReference; lastKnownFileType = sourcecode.swift; path = "DipperPDF/Tools/Text/TextModel.swift"; sourceTree = SOURCE_ROOT;};
720000000000000000000001 = {isa = PBXBuildFile; fileRef = 710000000000000000000001;};
710000000000000000000002 = {isa = PBXFileReference; lastKnownFileType = sourcecode.swift; path = "DipperPDF/Tools/Text/TextView.swift"; sourceTree = SOURCE_ROOT;};
720000000000000000000002 = {isa = PBXBuildFile; fileRef = 710000000000000000000002;};
710000000000000000000003 = {isa = PBXFileReference; lastKnownFileType = sourcecode.swift; path = "DipperPDFTests/TextTests.swift"; sourceTree = SOURCE_ROOT;};
720000000000000000000003 = {isa = PBXBuildFile; fileRef = 710000000000000000000003;};

910000000000000000000001 = {isa = PBXFileReference; lastKnownFileType = sourcecode.swift; path = "DipperPDF/Tools/Reverse/ReverseModel.swift"; sourceTree = SOURCE_ROOT;};
920000000000000000000001 = {isa = PBXBuildFile; fileRef = 910000000000000000000001;};
910000000000000000000002 = {isa = PBXFileReference; lastKnownFileType = sourcecode.swift; path = "DipperPDF/Tools/Reverse/ReverseView.swift"; sourceTree = SOURCE_ROOT;};
920000000000000000000002 = {isa = PBXBuildFile; fileRef = 910000000000000000000002;};
910000000000000000000003 = {isa = PBXFileReference; lastKnownFileType = sourcecode.swift; path = "DipperPDFTests/ReversePagesTests.swift"; sourceTree = SOURCE_ROOT;};
920000000000000000000003 = {isa = PBXBuildFile; fileRef = 910000000000000000000003;};

C10000000000000000000001 = {isa = PBXFileReference; lastKnownFileType = sourcecode.swift; path = "DipperPDF/Tools/Number/NumberModel.swift"; sourceTree = SOURCE_ROOT;};
C20000000000000000000001 = {isa = PBXBuildFile; fileRef = C10000000000000000000001;};
C10000000000000000000002 = {isa = PBXFileReference; lastKnownFileType = sourcecode.swift; path = "DipperPDF/Tools/Number/NumberView.swift"; sourceTree = SOURCE_ROOT;};
C20000000000000000000002 = {isa = PBXBuildFile; fileRef = C10000000000000000000002;};
C10000000000000000000003 = {isa = PBXFileReference; lastKnownFileType = sourcecode.swift; path = "DipperPDFTests/PageNumberTests.swift"; sourceTree = SOURCE_ROOT;};
C20000000000000000000003 = {isa = PBXBuildFile; fileRef = C10000000000000000000003;};
B10000000000000000000001 = {isa = PBXFileReference; lastKnownFileType = sourcecode.swift; path = "DipperPDF/Tools/Split/SplitModel.swift"; sourceTree = SOURCE_ROOT;};
B20000000000000000000001 = {isa = PBXBuildFile; fileRef = B10000000000000000000001;};
B10000000000000000000002 = {isa = PBXFileReference; lastKnownFileType = sourcecode.swift; path = "DipperPDF/Tools/Split/SplitView.swift"; sourceTree = SOURCE_ROOT;};
B20000000000000000000002 = {isa = PBXBuildFile; fileRef = B10000000000000000000002;};
B10000000000000000000003 = {isa = PBXFileReference; lastKnownFileType = sourcecode.swift; path = "DipperPDFTests/SplitTests.swift"; sourceTree = SOURCE_ROOT;};
B20000000000000000000003 = {isa = PBXBuildFile; fileRef = B10000000000000000000003;};
F10000000000000000000001 = {isa = PBXFileReference; lastKnownFileType = sourcecode.swift; path = "DipperPDF/Tools/Extract/ExtractModel.swift"; sourceTree = SOURCE_ROOT;};
F20000000000000000000001 = {isa = PBXBuildFile; fileRef = F10000000000000000000001;};
F10000000000000000000002 = {isa = PBXFileReference; lastKnownFileType = sourcecode.swift; path = "DipperPDF/Tools/Extract/ExtractView.swift"; sourceTree = SOURCE_ROOT;};
F20000000000000000000002 = {isa = PBXBuildFile; fileRef = F10000000000000000000002;};
F10000000000000000000003 = {isa = PBXFileReference; lastKnownFileType = sourcecode.swift; path = "DipperPDFTests/ExtractPagesTests.swift"; sourceTree = SOURCE_ROOT;};
F20000000000000000000003 = {isa = PBXBuildFile; fileRef = F10000000000000000000003;};
E10000000000000000000004 = {isa = PBXFileReference; lastKnownFileType = sourcecode.swift; path = "DipperPDFTests/RemovePagesTests.swift"; sourceTree = SOURCE_ROOT;};
E20000000000000000000004 = {isa = PBXBuildFile; fileRef = E10000000000000000000004;};
E10000000000000000000003 = {isa = PBXFileReference; lastKnownFileType = sourcecode.swift; path = "DipperPDF/Components/PageThumbnail.swift"; sourceTree = SOURCE_ROOT;};
E20000000000000000000003 = {isa = PBXBuildFile; fileRef = E10000000000000000000003;};
E10000000000000000000002 = {isa = PBXFileReference; lastKnownFileType = sourcecode.swift; path = "DipperPDF/Tools/Remove/RemoveView.swift"; sourceTree = SOURCE_ROOT;};
E20000000000000000000002 = {isa = PBXBuildFile; fileRef = E10000000000000000000002;};
E10000000000000000000001 = {isa = PBXFileReference; lastKnownFileType = sourcecode.swift; path = "DipperPDF/Tools/Remove/RemoveModel.swift"; sourceTree = SOURCE_ROOT;};
E20000000000000000000001 = {isa = PBXBuildFile; fileRef = E10000000000000000000001;};
A10000000000000000000001 = {isa = PBXFileReference; lastKnownFileType = sourcecode.swift; path = "DipperPDFTests/Support/PDFTestCase.swift"; sourceTree = SOURCE_ROOT;};
A20000000000000000000001 = {isa = PBXBuildFile; fileRef = A10000000000000000000001;};
A10000000000000000000002 = {isa = PBXFileReference; lastKnownFileType = sourcecode.swift; path = "DipperPDFTests/PDFEngineTests.swift"; sourceTree = SOURCE_ROOT;};
A20000000000000000000002 = {isa = PBXBuildFile; fileRef = A10000000000000000000002;};
A10000000000000000000003 = {isa = PBXFileReference; lastKnownFileType = sourcecode.swift; path = "DipperPDFTests/CompressModelTests.swift"; sourceTree = SOURCE_ROOT;};
A20000000000000000000003 = {isa = PBXBuildFile; fileRef = A10000000000000000000003;};
A10000000000000000000004 = {isa = PBXFileReference; lastKnownFileType = sourcecode.swift; path = "DipperPDFTests/MergeModelTests.swift"; sourceTree = SOURCE_ROOT;};
A20000000000000000000004 = {isa = PBXBuildFile; fileRef = A10000000000000000000004;};
A10000000000000000000005 = {isa = PBXFileReference; lastKnownFileType = sourcecode.swift; path = "DipperPDFTests/RotateModelTests.swift"; sourceTree = SOURCE_ROOT;};
A20000000000000000000005 = {isa = PBXBuildFile; fileRef = A10000000000000000000005;};
A10000000000000000000006 = {isa = PBXFileReference; lastKnownFileType = sourcecode.swift; path = "DipperPDFTests/ToolModelTests.swift"; sourceTree = SOURCE_ROOT;};
A20000000000000000000006 = {isa = PBXBuildFile; fileRef = A10000000000000000000006;};
A10000000000000000000007 = {isa = PBXFileReference; lastKnownFileType = sourcecode.swift; path = "DipperPDFTests/AppModelTests.swift"; sourceTree = SOURCE_ROOT;};
A20000000000000000000007 = {isa = PBXBuildFile; fileRef = A10000000000000000000007;};
A30000000000000000000001 = {isa = PBXGroup; name = DipperPDFTests; children = (710000000000000000000003,910000000000000000000003,C10000000000000000000003,B10000000000000000000003,F10000000000000000000003,E10000000000000000000004,A10000000000000000000001,A10000000000000000000002,A10000000000000000000003,A10000000000000000000004,A10000000000000000000005,A10000000000000000000006,A10000000000000000000007); sourceTree = "<group>";};
A30000000000000000000002 = {isa = PBXFileReference; explicitFileType = wrapper.cfbundle; path = DipperPDFTests.xctest; sourceTree = BUILT_PRODUCTS_DIR;};
A30000000000000000000003 = {isa = PBXSourcesBuildPhase; buildActionMask = 2147483647; files = (720000000000000000000003,920000000000000000000003,C20000000000000000000003,B20000000000000000000003,F20000000000000000000003,E20000000000000000000004,A20000000000000000000001,A20000000000000000000002,A20000000000000000000003,A20000000000000000000004,A20000000000000000000005,A20000000000000000000006,A20000000000000000000007); runOnlyForDeploymentPostprocessing = 0;};
A30000000000000000000004 = {isa = PBXFrameworksBuildPhase; buildActionMask = 2147483647; files = (); runOnlyForDeploymentPostprocessing = 0;};
A30000000000000000000005 = {isa = PBXResourcesBuildPhase; buildActionMask = 2147483647; files = (); runOnlyForDeploymentPostprocessing = 0;};
A30000000000000000000006 = {isa = PBXContainerItemProxy; containerPortal = 98F54143AB4E86B28C3AFEE0; proxyType = 1; remoteGlobalIDString = 0E8A3AD980EC179856012B7E; remoteInfo = DipperPDF;};
A30000000000000000000007 = {isa = PBXTargetDependency; target = 0E8A3AD980EC179856012B7E; targetProxy = A30000000000000000000006;};
A30000000000000000000008 = {isa = PBXNativeTarget; buildConfigurationList = A30000000000000000000009; buildPhases = (A30000000000000000000003,A30000000000000000000004,A30000000000000000000005); buildRules = (); dependencies = (A30000000000000000000007); name = DipperPDFTests; productName = DipperPDFTests; productReference = A30000000000000000000002; productType = "com.apple.product-type.bundle.unit-test";};
A30000000000000000000009 = {isa = XCConfigurationList; buildConfigurations = (A3000000000000000000000A,A3000000000000000000000B); defaultConfigurationIsVisible = 0; defaultConfigurationName = Release;};
A3000000000000000000000A = {isa = XCBuildConfiguration; buildSettings = {BUNDLE_LOADER = "$(TEST_HOST)"; TEST_HOST = "$(BUILT_PRODUCTS_DIR)/DipperPDF.app/Contents/MacOS/DipperPDF"; CODE_SIGN_STYLE = Manual; CODE_SIGN_IDENTITY = "-"; GENERATE_INFOPLIST_FILE = YES; PRODUCT_BUNDLE_IDENTIFIER = com.dipperpdf.tests; PRODUCT_NAME = "$(TARGET_NAME)"; SWIFT_STRICT_CONCURRENCY = complete; LD_RUNPATH_SEARCH_PATHS = ("$(inherited)", "@executable_path/../Frameworks", "@loader_path/../Frameworks");}; name = Debug;};
A3000000000000000000000B = {isa = XCBuildConfiguration; buildSettings = {BUNDLE_LOADER = "$(TEST_HOST)"; TEST_HOST = "$(BUILT_PRODUCTS_DIR)/DipperPDF.app/Contents/MacOS/DipperPDF"; CODE_SIGN_STYLE = Manual; CODE_SIGN_IDENTITY = "-"; GENERATE_INFOPLIST_FILE = YES; PRODUCT_BUNDLE_IDENTIFIER = com.dipperpdf.tests; PRODUCT_NAME = "$(TARGET_NAME)"; SWIFT_STRICT_CONCURRENCY = complete; LD_RUNPATH_SEARCH_PATHS = ("$(inherited)", "@executable_path/../Frameworks", "@loader_path/../Frameworks");}; name = Release;};

D10000000000000000000001 = {isa = PBXFileReference; lastKnownFileType = sourcecode.swift; path = "DipperPDF/Components/DipperBrand.swift"; sourceTree = SOURCE_ROOT;};
D10000000000000000000002 = {isa = PBXBuildFile; fileRef = D10000000000000000000001;};
3685E330EC5277A9DD5661C6 = {isa = PBXFileReference; lastKnownFileType = folder.assetcatalog; path = DipperPDF/Assets.xcassets; sourceTree = SOURCE_ROOT;};
8EFD5743999F168D176AB696 = {isa = PBXBuildFile; fileRef = 3685E330EC5277A9DD5661C6;};
8F66B810594EC2736A12E6ED =  {isa = PBXFileReference; lastKnownFileType = sourcecode.swift; path = "DipperPDF/App/AppShell.swift"; sourceTree = SOURCE_ROOT;};
7F538B7727A082126ABA4BBE = {isa = PBXBuildFile; fileRef = 8F66B810594EC2736A12E6ED;};
709C1AB16E3E6CDEA8AE2797 =  {isa = PBXFileReference; lastKnownFileType = sourcecode.swift; path = "DipperPDF/App/DipperPDFApp.swift"; sourceTree = SOURCE_ROOT;};
C4104F95E0DC12DA0E183FDE = {isa = PBXBuildFile; fileRef = 709C1AB16E3E6CDEA8AE2797;};
D88FD3B237F8EAEFFEE3EE6C =  {isa = PBXFileReference; lastKnownFileType = sourcecode.swift; path = "DipperPDF/App/ToolCatalog.swift"; sourceTree = SOURCE_ROOT;};
6AFF6FF5068B6C1E48FE9FE5 = {isa = PBXBuildFile; fileRef = D88FD3B237F8EAEFFEE3EE6C;};
7729E7FB09DACFA482D22496 =  {isa = PBXFileReference; lastKnownFileType = sourcecode.swift; path = "DipperPDF/Components/FileDropZone.swift"; sourceTree = SOURCE_ROOT;};
1558A5F1796D8DA3074114CD = {isa = PBXBuildFile; fileRef = 7729E7FB09DACFA482D22496;};
D3C0CD33808FDB03D1DDE82B =  {isa = PBXFileReference; lastKnownFileType = sourcecode.swift; path = "DipperPDF/Components/ToolComponents.swift"; sourceTree = SOURCE_ROOT;};
63D1AA80614BB157A6ABCB31 = {isa = PBXBuildFile; fileRef = D3C0CD33808FDB03D1DDE82B;};
00CB8C9C1F5AFFDF97868697 =  {isa = PBXFileReference; lastKnownFileType = sourcecode.swift; path = "DipperPDF/Core/FilePanels.swift"; sourceTree = SOURCE_ROOT;};
BD30C16E590214B6DBE09390 = {isa = PBXBuildFile; fileRef = 00CB8C9C1F5AFFDF97868697;};
93B49CA939F2888ABD638248 =  {isa = PBXFileReference; lastKnownFileType = sourcecode.swift; path = "DipperPDF/Core/Models.swift"; sourceTree = SOURCE_ROOT;};
819BEA09E75A78EDCAF1350B = {isa = PBXBuildFile; fileRef = 93B49CA939F2888ABD638248;};
2CB4769189B18D971C620D0F =  {isa = PBXFileReference; lastKnownFileType = sourcecode.swift; path = "DipperPDF/Core/ToolModel.swift"; sourceTree = SOURCE_ROOT;};
17C8CE60EA959AF33B30BBC3 = {isa = PBXBuildFile; fileRef = 2CB4769189B18D971C620D0F;};
8E7E6ECAAE4CC23C7CFC15F4 =  {isa = PBXFileReference; lastKnownFileType = sourcecode.swift; path = "DipperPDF/PDFEngine/PDFEngine.swift"; sourceTree = SOURCE_ROOT;};
C8248338143ECBAA76535E81 = {isa = PBXBuildFile; fileRef = 8E7E6ECAAE4CC23C7CFC15F4;};
C78696E7AD70278D2F479C88 =  {isa = PBXFileReference; lastKnownFileType = sourcecode.swift; path = "DipperPDF/Tools/Compress/CompressModel.swift"; sourceTree = SOURCE_ROOT;};
0192633EA928433D2FBD2377 = {isa = PBXBuildFile; fileRef = C78696E7AD70278D2F479C88;};
FF5928205C23269D8B001525 =  {isa = PBXFileReference; lastKnownFileType = sourcecode.swift; path = "DipperPDF/Tools/Compress/CompressView.swift"; sourceTree = SOURCE_ROOT;};
F2E45141C0E40CDD6FE537EF = {isa = PBXBuildFile; fileRef = FF5928205C23269D8B001525;};
BD43AC2E46E63C7CD1763012 =  {isa = PBXFileReference; lastKnownFileType = sourcecode.swift; path = "DipperPDF/Tools/Merge/MergeModel.swift"; sourceTree = SOURCE_ROOT;};
D6403C3746A0C2D2D0AA85AB = {isa = PBXBuildFile; fileRef = BD43AC2E46E63C7CD1763012;};
EC4D8B23774DC8972FD60635 =  {isa = PBXFileReference; lastKnownFileType = sourcecode.swift; path = "DipperPDF/Tools/Merge/MergeView.swift"; sourceTree = SOURCE_ROOT;};
4492C937F3509E30026C1204 = {isa = PBXBuildFile; fileRef = EC4D8B23774DC8972FD60635;};
D9F0CD9807375CADD8E97327 =  {isa = PBXFileReference; lastKnownFileType = sourcecode.swift; path = "DipperPDF/Tools/Rotate/RotateModel.swift"; sourceTree = SOURCE_ROOT;};
DCCAF4A1CBAA93ED3032EB15 = {isa = PBXBuildFile; fileRef = D9F0CD9807375CADD8E97327;};
C9C55B7CEA9AC049BBBDC0B5 =  {isa = PBXFileReference; lastKnownFileType = sourcecode.swift; path = "DipperPDF/Tools/Rotate/RotateView.swift"; sourceTree = SOURCE_ROOT;};
AE7908253130788361BE0A85 = {isa = PBXBuildFile; fileRef = C9C55B7CEA9AC049BBBDC0B5;};
38A007151ABE87CC01A5B6E9 = {isa = PBXFileReference; explicitFileType = wrapper.application; path = DipperPDF.app; sourceTree = BUILT_PRODUCTS_DIR;};
64292B1C2B2E13EAD8788FC8 = {isa = PBXGroup; children = (710000000000000000000001,710000000000000000000002,910000000000000000000001,910000000000000000000002,C10000000000000000000001,C10000000000000000000002,B10000000000000000000001,B10000000000000000000002,F10000000000000000000001,F10000000000000000000002,E10000000000000000000001,E10000000000000000000002,E10000000000000000000003,A30000000000000000000001,D10000000000000000000001,3685E330EC5277A9DD5661C6,8F66B810594EC2736A12E6ED,709C1AB16E3E6CDEA8AE2797,D88FD3B237F8EAEFFEE3EE6C,7729E7FB09DACFA482D22496,D3C0CD33808FDB03D1DDE82B,00CB8C9C1F5AFFDF97868697,93B49CA939F2888ABD638248,2CB4769189B18D971C620D0F,8E7E6ECAAE4CC23C7CFC15F4,C78696E7AD70278D2F479C88,FF5928205C23269D8B001525,BD43AC2E46E63C7CD1763012,EC4D8B23774DC8972FD60635,D9F0CD9807375CADD8E97327,C9C55B7CEA9AC049BBBDC0B5,FBDC4F23F93125BBEEAE800C); sourceTree = "<group>";};
FBDC4F23F93125BBEEAE800C = {isa = PBXGroup; name = Products; children = (38A007151ABE87CC01A5B6E9,A30000000000000000000002); sourceTree = "<group>";};
BCE16DD0260827ECF338C787 = {isa = PBXSourcesBuildPhase; buildActionMask = 2147483647; files = (720000000000000000000001,720000000000000000000002,920000000000000000000001,920000000000000000000002,C20000000000000000000001,C20000000000000000000002,B20000000000000000000001,B20000000000000000000002,F20000000000000000000001,F20000000000000000000002,E20000000000000000000001,E20000000000000000000002,E20000000000000000000003,D10000000000000000000002,7F538B7727A082126ABA4BBE,C4104F95E0DC12DA0E183FDE,6AFF6FF5068B6C1E48FE9FE5,1558A5F1796D8DA3074114CD,63D1AA80614BB157A6ABCB31,BD30C16E590214B6DBE09390,819BEA09E75A78EDCAF1350B,17C8CE60EA959AF33B30BBC3,C8248338143ECBAA76535E81,0192633EA928433D2FBD2377,F2E45141C0E40CDD6FE537EF,D6403C3746A0C2D2D0AA85AB,4492C937F3509E30026C1204,DCCAF4A1CBAA93ED3032EB15,AE7908253130788361BE0A85); runOnlyForDeploymentPostprocessing = 0;};
7561BFB015D8F536760CB671 = {isa = PBXFrameworksBuildPhase; buildActionMask = 2147483647; files = (); runOnlyForDeploymentPostprocessing = 0;};
0189424A5A60FED329FA868E = {isa = PBXResourcesBuildPhase; buildActionMask = 2147483647; files = (8EFD5743999F168D176AB696); runOnlyForDeploymentPostprocessing = 0;};
0E8A3AD980EC179856012B7E = {isa = PBXNativeTarget; buildConfigurationList = C57128001CE614BF8549D6BB; buildPhases = (BCE16DD0260827ECF338C787,7561BFB015D8F536760CB671,0189424A5A60FED329FA868E); buildRules = (); dependencies = (); name = DipperPDF; productName = DipperPDF; productReference = 38A007151ABE87CC01A5B6E9; productType = "com.apple.product-type.application";};
89E1FD6268CC0F221A2BE178 = {isa = XCBuildConfiguration; buildSettings = {CLANG_ENABLE_MODULES = YES; MACOSX_DEPLOYMENT_TARGET = 14.0; SDKROOT = macosx; SWIFT_VERSION = 6.0; SWIFT_OPTIMIZATION_LEVEL = "-Onone"; DEBUG_INFORMATION_FORMAT = dwarf; SWIFT_ACTIVE_COMPILATION_CONDITIONS = DEBUG; ENABLE_TESTABILITY = YES;}; name = Debug;};
E6DE6C99132752C914FEF632 = {isa = XCBuildConfiguration; buildSettings = {CLANG_ENABLE_MODULES = YES; MACOSX_DEPLOYMENT_TARGET = 14.0; SDKROOT = macosx; SWIFT_VERSION = 6.0; SWIFT_OPTIMIZATION_LEVEL = "-O"; DEBUG_INFORMATION_FORMAT = "dwarf-with-dsym";}; name = Release;};
862894B703A6DEDF96A9DD6C = {isa = XCConfigurationList; buildConfigurations = (89E1FD6268CC0F221A2BE178,E6DE6C99132752C914FEF632); defaultConfigurationIsVisible = 0; defaultConfigurationName = Release;};
7082CC0B6FC1282FCEABD07A = {isa = XCBuildConfiguration; buildSettings = {CODE_SIGN_ENTITLEMENTS = DipperPDF/DipperPDF.entitlements; CODE_SIGN_STYLE = Manual; CODE_SIGN_IDENTITY = "-"; ENABLE_APP_SANDBOX = YES; GENERATE_INFOPLIST_FILE = YES; INFOPLIST_KEY_CFBundleDisplayName = DipperPDF; INFOPLIST_KEY_LSApplicationCategoryType = "public.app-category.productivity"; INFOPLIST_KEY_NSPrincipalClass = NSApplication; MARKETING_VERSION = 1.0; CURRENT_PROJECT_VERSION = 1; ASSETCATALOG_COMPILER_APPICON_NAME = AppIcon; ASSETCATALOG_COMPILER_GLOBAL_ACCENT_COLOR_NAME = AccentColor; PRODUCT_BUNDLE_IDENTIFIER = com.dipperpdf.app; PRODUCT_NAME = "$(TARGET_NAME)"; SWIFT_STRICT_CONCURRENCY = complete; ENABLE_HARDENED_RUNTIME = YES; SWIFT_OPTIMIZATION_LEVEL = "-Onone"; DEBUG_INFORMATION_FORMAT = dwarf; SWIFT_ACTIVE_COMPILATION_CONDITIONS = DEBUG; ENABLE_TESTABILITY = YES;}; name = Debug;};
639A7CA24D39909E713B47F7 = {isa = XCBuildConfiguration; buildSettings = {CODE_SIGN_ENTITLEMENTS = DipperPDF/DipperPDF.entitlements; CODE_SIGN_STYLE = Manual; CODE_SIGN_IDENTITY = "-"; ENABLE_APP_SANDBOX = YES; GENERATE_INFOPLIST_FILE = YES; INFOPLIST_KEY_CFBundleDisplayName = DipperPDF; INFOPLIST_KEY_LSApplicationCategoryType = "public.app-category.productivity"; INFOPLIST_KEY_NSPrincipalClass = NSApplication; MARKETING_VERSION = 1.0; CURRENT_PROJECT_VERSION = 1; ASSETCATALOG_COMPILER_APPICON_NAME = AppIcon; ASSETCATALOG_COMPILER_GLOBAL_ACCENT_COLOR_NAME = AccentColor; PRODUCT_BUNDLE_IDENTIFIER = com.dipperpdf.app; PRODUCT_NAME = "$(TARGET_NAME)"; SWIFT_STRICT_CONCURRENCY = complete; ENABLE_HARDENED_RUNTIME = YES; SWIFT_OPTIMIZATION_LEVEL = "-O"; DEBUG_INFORMATION_FORMAT = "dwarf-with-dsym";}; name = Release;};
C57128001CE614BF8549D6BB = {isa = XCConfigurationList; buildConfigurations = (7082CC0B6FC1282FCEABD07A,639A7CA24D39909E713B47F7); defaultConfigurationIsVisible = 0; defaultConfigurationName = Release;};
98F54143AB4E86B28C3AFEE0 = {isa = PBXProject; attributes = {BuildIndependentTargetsInParallel = YES; LastUpgradeCheck = 2700;}; buildConfigurationList = 862894B703A6DEDF96A9DD6C; compatibilityVersion = "Xcode 14.0"; developmentRegion = en; hasScannedForEncodings = 0; knownRegions = (en, Base); mainGroup = 64292B1C2B2E13EAD8788FC8; productRefGroup = FBDC4F23F93125BBEEAE800C; projectDirPath = ""; projectRoot = ""; targets = (0E8A3AD980EC179856012B7E,A30000000000000000000008);};
}; rootObject = 98F54143AB4E86B28C3AFEE0; }
